
Microsoft Visual Studio Solution File, Format Version 12.00
# Visual Studio Version 16
VisualStudioVersion = 16.0.31702.278
MinimumVisualStudioVersion = 10.0.40219.1
Project("{FAE04EC0-301F-11D3-BF4B-00C04F79EFBC}") = "LibraryProject", "LibraryProject\LibraryProject.csproj", "{DDCCA990-F2F8-4637-8A2B-152F9F0C98F2}"
EndProject
Global
	GlobalSection(SolutionConfigurationPlatforms) = preSolution
		Debug|Any CPU = Debug|Any CPU
		Release|Any CPU = Release|Any CPU
	EndGlobalSection
	GlobalSection(ProjectConfigurationPlatforms) = postSolution
		{DDCCA990-F2F8-4637-8A2B-152F9F0C98F2}.Debug|Any CPU.ActiveCfg = Debug|Any CPU
		{DDCCA990-F2F8-4637-8A2B-152F9F0C98F2}.Debug|Any CPU.Build.0 = Debug|Any CPU
		{DDCCA990-F2F8-4637-8A2B-152F9F0C98F2}.Release|Any CPU.ActiveCfg = Release|Any CPU
		{DDCCA990-F2F8-4637-8A2B-152F9F0C98F2}.Release|Any CPU.Build.0 = Release|Any CPU
	EndGlobalSection
	GlobalSection(SolutionProperties) = preSolution
		HideSolutionNode = FALSE
	EndGlobalSection
	GlobalSection(ExtensibilityGlobals) = postSolution
		SolutionGuid = {D160886F-AB2E-4FE8-9C10-BC99831D8071}
	EndGlobalSection
EndGlobal
